
Microsoft Visual Studio Solution File, Format Version 12.00
# Visual Studio 14
VisualStudioVersion = 14.0.24720.0
MinimumVisualStudioVersion = 10.0.40219.1
Project("{FAE04EC0-301F-11D3-BF4B-00C04F79EFBC}") = "GameOfThrees", "GameOfThrees\GameOfThrees.csproj", "{5E6455D4-6D49-4069-8CC9-410DCEAEF8C3}"
EndProject
Project("{FAE04EC0-301F-11D3-BF4B-00C04F79EFBC}") = "TicTactToe", "TicTactToe\TicTactToe.csproj", "{F45FDD78-5458-41CB-8B7E-028DF896BD50}"
EndProject
Global
	GlobalSection(SolutionConfigurationPlatforms) = preSolution
		Debug|Any CPU = Debug|Any CPU
		Release|Any CPU = Release|Any CPU
	EndGlobalSection
	GlobalSection(ProjectConfigurationPlatforms) = postSolution
		{5E6455D4-6D49-4069-8CC9-410DCEAEF8C3}.Debug|Any CPU.ActiveCfg = Debug|Any CPU
		{5E6455D4-6D49-4069-8CC9-410DCEAEF8C3}.Debug|Any CPU.Build.0 = Debug|Any CPU
		{5E6455D4-6D49-4069-8CC9-410DCEAEF8C3}.Release|Any CPU.ActiveCfg = Release|Any CPU
		{5E6455D4-6D49-4069-8CC9-410DCEAEF8C3}.Release|Any CPU.Build.0 = Release|Any CPU
		{F45FDD78-5458-41CB-8B7E-028DF896BD50}.Debug|Any CPU.ActiveCfg = Debug|Any CPU
		{F45FDD78-5458-41CB-8B7E-028DF896BD50}.Debug|Any CPU.Build.0 = Debug|Any CPU
		{F45FDD78-5458-41CB-8B7E-028DF896BD50}.Release|Any CPU.ActiveCfg = Release|Any CPU
		{F45FDD78-5458-41CB-8B7E-028DF896BD50}.Release|Any CPU.Build.0 = Release|Any CPU
	EndGlobalSection
	GlobalSection(SolutionProperties) = preSolution
		HideSolutionNode = FALSE
	EndGlobalSection
EndGlobal
